Microsoft Visual Studio Solution File, Format Version 12.00
# Visual Studio Version 17
VisualStudioVersion = 17.5.2.0
MinimumVisualStudioVersion = 10.0.40219.1
Project("{2150E333-8FDC-42A3-9474-1A3956D46DE8}") = "bokapp", "bokapp", "{B8340621-DFAB-B21D-01A1-6B7A70A89AE0}"
EndProject
Project("{FAE04EC0-301F-11D3-BF4B-00C04F79EFBC}") = "BookApi", "bokapp\BookApi\BookApi.csproj", "{549F0360-55B9-B2CA-62B1-142278402194}"
EndProject
Global
	GlobalSection(SolutionConfigurationPlatforms) = preSolution
		Debug|Any CPU = Debug|Any CPU
		Release|Any CPU = Release|Any CPU
	EndGlobalSection
	GlobalSection(ProjectConfigurationPlatforms) = postSolution
		{549F0360-55B9-B2CA-62B1-142278402194}.Debug|Any CPU.ActiveCfg = Debug|Any CPU
		{549F0360-55B9-B2CA-62B1-142278402194}.Debug|Any CPU.Build.0 = Debug|Any CPU
		{549F0360-55B9-B2CA-62B1-142278402194}.Release|Any CPU.ActiveCfg = Release|Any CPU
		{549F0360-55B9-B2CA-62B1-142278402194}.Release|Any CPU.Build.0 = Release|Any CPU
	EndGlobalSection
	GlobalSection(SolutionProperties) = preSolution
		HideSolutionNode = FALSE
	EndGlobalSection
	GlobalSection(NestedProjects) = preSolution
		{549F0360-55B9-B2CA-62B1-142278402194} = {B8340621-DFAB-B21D-01A1-6B7A70A89AE0}
	EndGlobalSection
	GlobalSection(ExtensibilityGlobals) = postSolution
		SolutionGuid = {A894024D-7ADC-4D8E-9150-8372B4D46201}
	EndGlobalSection
EndGlobal
